{
  "requires": true,
  "lockfileVersion": 1,
  "dependencies": {
    "bootstrap.native": {
      "version": "2.0.21",
      "resolved": "https://registry.npmjs.org/bootstrap.native/-/bootstrap.native-2.0.21.tgz",
      "integrity": "sha512-YrUBk0jLpX8JHnkFgn2yWEpHhgN8a0mTZU6snal7dJzQ8kalIuMMwRidOZDHqF8d2sql0zMMLpGkzwBT+Or0uQ=="
    }
  }
}
